<Solution>
  <Project Path="src/VisionStudio.Abstractions/VisionStudio.Abstractions.csproj" />
  <Project Path="src/VisionStudio.Engine/VisionStudio.Engine.csproj" />
  <Project Path="src/VisionStudio.Camera.Basler/VisionStudio.Camera.Basler.csproj" />
  <Project Path="src/VisionStudio.Camera.Hikrobot/VisionStudio.Camera.Hikrobot.csproj" />
  <Project Path="src/VisionStudio.CatalogExporter/VisionStudio.CatalogExporter.csproj" />
  <Project Path="src/VisionStudio.Api/VisionStudio.Api.csproj" />
  <Project Path="src/VisionStudio.Plugin.Sample/VisionStudio.Plugin.Sample.csproj" />
  <Project Path="src/VisionStudio.Plugin.Packager/VisionStudio.Plugin.Packager.csproj" />
  <Project Path="src/VisionStudio.Plugin.Worker/VisionStudio.Plugin.Worker.csproj" />
  <Project Path="src/VisionStudio.Benchmark.Cli/VisionStudio.Benchmark.Cli.csproj" />
  <Project Path="tests/VisionStudio.Engine.Tests/VisionStudio.Engine.Tests.csproj" />
  <Project Path="tests/VisionStudio.Api.Tests/VisionStudio.Api.Tests.csproj" />
</Solution>
